
Microsoft Visual Studio Solution File, Format Version 12.00
# Visual Studio 15
VisualStudioVersion = 15.0.27703.2042
MinimumVisualStudioVersion = 10.0.40219.1
Project("{FAE04EC0-301F-11D3-BF4B-00C04F79EFBC}") = "PropertyInjection", "PropertyInjection\PropertyInjection.csproj", "{67F2816C-FF0B-4571-9440-1E6CFDDE36A9}"
EndProject
Project("{FAE04EC0-301F-11D3-BF4B-00C04F79EFBC}") = "ConstructorInjection", "ConstructorInjection\ConstructorInjection.csproj", "{59E5F62B-F494-4DED-A22A-91941A948892}"
EndProject
Project("{FAE04EC0-301F-11D3-BF4B-00C04F79EFBC}") = "MethodInjection", "MethodInjection\MethodInjection.csproj", "{73021D04-8B84-47BB-BCB8-A5145606A3C1}"
EndProject
Global
	GlobalSection(SolutionConfigurationPlatforms) = preSolution
		Debug|Any CPU = Debug|Any CPU
		Release|Any CPU = Release|Any CPU
	EndGlobalSection
	GlobalSection(ProjectConfigurationPlatforms) = postSolution
		{67F2816C-FF0B-4571-9440-1E6CFDDE36A9}.Debug|Any CPU.ActiveCfg = Debug|Any CPU
		{67F2816C-FF0B-4571-9440-1E6CFDDE36A9}.Debug|Any CPU.Build.0 = Debug|Any CPU
		{67F2816C-FF0B-4571-9440-1E6CFDDE36A9}.Release|Any CPU.ActiveCfg = Release|Any CPU
		{67F2816C-FF0B-4571-9440-1E6CFDDE36A9}.Release|Any CPU.Build.0 = Release|Any CPU
		{59E5F62B-F494-4DED-A22A-91941A948892}.Debug|Any CPU.ActiveCfg = Debug|Any CPU
		{59E5F62B-F494-4DED-A22A-91941A948892}.Debug|Any CPU.Build.0 = Debug|Any CPU
		{59E5F62B-F494-4DED-A22A-91941A948892}.Release|Any CPU.ActiveCfg = Release|Any CPU
		{59E5F62B-F494-4DED-A22A-91941A948892}.Release|Any CPU.Build.0 = Release|Any CPU
		{73021D04-8B84-47BB-BCB8-A5145606A3C1}.Debug|Any CPU.ActiveCfg = Debug|Any CPU
		{73021D04-8B84-47BB-BCB8-A5145606A3C1}.Debug|Any CPU.Build.0 = Debug|Any CPU
		{73021D04-8B84-47BB-BCB8-A5145606A3C1}.Release|Any CPU.ActiveCfg = Release|Any CPU
		{73021D04-8B84-47BB-BCB8-A5145606A3C1}.Release|Any CPU.Build.0 = Release|Any CPU
	EndGlobalSection
	GlobalSection(SolutionProperties) = preSolution
		HideSolutionNode = FALSE
	EndGlobalSection
	GlobalSection(ExtensibilityGlobals) = postSolution
		SolutionGuid = {32467832-AF88-45C6-BB23-2FD6C42EAE1D}
	EndGlobalSection
EndGlobal
